
Microsoft Visual Studio Solution File, Format Version 12.00
# Visual Studio Version 17
VisualStudioVersion = 17.5.33627.172
MinimumVisualStudioVersion = 10.0.40219.1
Project("{FAE04EC0-301F-11D3-BF4B-00C04F79EFBC}") = "Line_Comparison_Problem", "Line_Comparison_Problem\Line_Comparison_Problem.csproj", "{D909D352-6F3E-444C-817A-3E1106096164}"
EndProject
Global
	GlobalSection(SolutionConfigurationPlatforms) = preSolution
		Debug|Any CPU = Debug|Any CPU
		Release|Any CPU = Release|Any CPU
	EndGlobalSection
	GlobalSection(ProjectConfigurationPlatforms) = postSolution
		{D909D352-6F3E-444C-817A-3E1106096164}.Debug|Any CPU.ActiveCfg = Debug|Any CPU
		{D909D352-6F3E-444C-817A-3E1106096164}.Debug|Any CPU.Build.0 = Debug|Any CPU
		{D909D352-6F3E-444C-817A-3E1106096164}.Release|Any CPU.ActiveCfg = Release|Any CPU
		{D909D352-6F3E-444C-817A-3E1106096164}.Release|Any CPU.Build.0 = Release|Any CPU
	EndGlobalSection
	GlobalSection(SolutionProperties) = preSolution
		HideSolutionNode = FALSE
	EndGlobalSection
	GlobalSection(ExtensibilityGlobals) = postSolution
		SolutionGuid = {B46808F9-FD0A-46E5-B9DE-DC41066F27E0}
	EndGlobalSection
EndGlobal
